
Microsoft Visual Studio Solution File, Format Version 12.00
# Visual Studio Version 17
VisualStudioVersion = 17.1.32328.378
MinimumVisualStudioVersion = 10.0.40219.1
Project("{54A90642-561A-4BB1-A94E-469ADEE60C69}") = "JourCore.Frontend", "JourCore.Frontend\JourCore.Frontend.esproj", "{414A84C1-FBF9-4E05-8FE0-9CD6DA764CE9}"
EndProject
Project("{FAE04EC0-301F-11D3-BF4B-00C04F79EFBC}") = "JourCore.Backend", "JourCore.Backend\JourCore.Backend.csproj", "{73C70788-6B9C-4EFC-AE5F-6857E80AEB85}"
EndProject
Global
	GlobalSection(SolutionConfigurationPlatforms) = preSolution
		Debug|Any CPU = Debug|Any CPU
		Release|Any CPU = Release|Any CPU
	EndGlobalSection
	GlobalSection(ProjectConfigurationPlatforms) = postSolution
		{414A84C1-FBF9-4E05-8FE0-9CD6DA764CE9}.Debug|Any CPU.ActiveCfg = Debug|Any CPU
		{414A84C1-FBF9-4E05-8FE0-9CD6DA764CE9}.Debug|Any CPU.Build.0 = Debug|Any CPU
		{414A84C1-FBF9-4E05-8FE0-9CD6DA764CE9}.Debug|Any CPU.Deploy.0 = Debug|Any CPU
		{414A84C1-FBF9-4E05-8FE0-9CD6DA764CE9}.Release|Any CPU.ActiveCfg = Release|Any CPU
		{414A84C1-FBF9-4E05-8FE0-9CD6DA764CE9}.Release|Any CPU.Build.0 = Release|Any CPU
		{414A84C1-FBF9-4E05-8FE0-9CD6DA764CE9}.Release|Any CPU.Deploy.0 = Release|Any CPU
		{73C70788-6B9C-4EFC-AE5F-6857E80AEB85}.Debug|Any CPU.ActiveCfg = Debug|Any CPU
		{73C70788-6B9C-4EFC-AE5F-6857E80AEB85}.Debug|Any CPU.Build.0 = Debug|Any CPU
		{73C70788-6B9C-4EFC-AE5F-6857E80AEB85}.Release|Any CPU.ActiveCfg = Release|Any CPU
		{73C70788-6B9C-4EFC-AE5F-6857E80AEB85}.Release|Any CPU.Build.0 = Release|Any CPU
	EndGlobalSection
	GlobalSection(SolutionProperties) = preSolution
		HideSolutionNode = FALSE
	EndGlobalSection
	GlobalSection(ExtensibilityGlobals) = postSolution
		SolutionGuid = {281E5326-88CE-4F67-A4D7-D3E19418217A}
	EndGlobalSection
EndGlobal
